
Microsoft Visual Studio Solution File, Format Version 12.00
# Visual Studio Version 17
VisualStudioVersion = 17.13.35818.85 d17.13
MinimumVisualStudioVersion = 10.0.40219.1
Project("{FAE04EC0-301F-11D3-BF4B-00C04F79EFBC}") = "CampusEquipment.Core", "CampusEquipment.Core\CampusEquipment.Core.csproj", "{7E72C09E-AE62-4D1C-8A91-469A738F843B}"
EndProject
Project("{FAE04EC0-301F-11D3-BF4B-00C04F79EFBC}") = "CampusEquipment.Infrastructure", "CampusEquipment.Infrastructure\CampusEquipment.Infrastructure.csproj", "{ADA83EF8-A91A-43C0-801C-3E334BEB79D3}"
EndProject
Project("{FAE04EC0-301F-11D3-BF4B-00C04F79EFBC}") = "CampusEquipment.Web", "CampusEquipment.Web\CampusEquipment.Web.csproj", "{CDC1ACD8-BA2D-487A-BCA5-89C0230AE7AB}"
EndProject
Project("{FAE04EC0-301F-11D3-BF4B-00C04F79EFBC}") = "CampusEquipment.API", "CampusEquipment.API\CampusEquipment.API.csproj", "{C59002FD-5A75-44C7-B283-BE297FFE57A3}"
EndProject
Global
	GlobalSection(SolutionConfigurationPlatforms) = preSolution
		Debug|Any CPU = Debug|Any CPU
		Release|Any CPU = Release|Any CPU
	EndGlobalSection
	GlobalSection(ProjectConfigurationPlatforms) = postSolution
		{7E72C09E-AE62-4D1C-8A91-469A738F843B}.Debug|Any CPU.ActiveCfg = Debug|Any CPU
		{7E72C09E-AE62-4D1C-8A91-469A738F843B}.Debug|Any CPU.Build.0 = Debug|Any CPU
		{7E72C09E-AE62-4D1C-8A91-469A738F843B}.Release|Any CPU.ActiveCfg = Release|Any CPU
		{7E72C09E-AE62-4D1C-8A91-469A738F843B}.Release|Any CPU.Build.0 = Release|Any CPU
		{ADA83EF8-A91A-43C0-801C-3E334BEB79D3}.Debug|Any CPU.ActiveCfg = Debug|Any CPU
		{ADA83EF8-A91A-43C0-801C-3E334BEB79D3}.Debug|Any CPU.Build.0 = Debug|Any CPU
		{ADA83EF8-A91A-43C0-801C-3E334BEB79D3}.Release|Any CPU.ActiveCfg = Release|Any CPU
		{ADA83EF8-A91A-43C0-801C-3E334BEB79D3}.Release|Any CPU.Build.0 = Release|Any CPU
		{CDC1ACD8-BA2D-487A-BCA5-89C0230AE7AB}.Debug|Any CPU.ActiveCfg = Debug|Any CPU
		{CDC1ACD8-BA2D-487A-BCA5-89C0230AE7AB}.Debug|Any CPU.Build.0 = Debug|Any CPU
		{CDC1ACD8-BA2D-487A-BCA5-89C0230AE7AB}.Release|Any CPU.ActiveCfg = Release|Any CPU
		{CDC1ACD8-BA2D-487A-BCA5-89C0230AE7AB}.Release|Any CPU.Build.0 = Release|Any CPU
		{C59002FD-5A75-44C7-B283-BE297FFE57A3}.Debug|Any CPU.ActiveCfg = Debug|Any CPU
		{C59002FD-5A75-44C7-B283-BE297FFE57A3}.Debug|Any CPU.Build.0 = Debug|Any CPU
		{C59002FD-5A75-44C7-B283-BE297FFE57A3}.Release|Any CPU.ActiveCfg = Release|Any CPU
		{C59002FD-5A75-44C7-B283-BE297FFE57A3}.Release|Any CPU.Build.0 = Release|Any CPU
	EndGlobalSection
	GlobalSection(SolutionProperties) = preSolution
		HideSolutionNode = FALSE
	EndGlobalSection
	GlobalSection(ExtensibilityGlobals) = postSolution
		SolutionGuid = {4F99B502-252F-462C-825E-74CBF531743C}
	EndGlobalSection
EndGlobal
